{
  "name": "jci-xmas-boxes-backend",
  "version": "0.1.0",
  "lockfileVersion": 1,
  "requires": true,
  "dependencies": {
    "pnpm": {
      "version": "6.23.2",
      "resolved": "https://registry.npmjs.org/pnpm/-/pnpm-6.23.2.tgz",
      "integrity": "sha512-mb18ZY03mn1wxxco5COfyZgqAxBOfO8F3UU41p1XVSNnkVEUXHIKLRh9UBZjjZS2vO92EqgXd0ewsE3syDmfYw=="
    }
  }
}
